{
  "version": 4,
  "terraform_version": "1.0.10",
  "serial": 63,
  "lineage": "f93f0fa2-d2a6-d57a-4d26-4279c83d2ea2",
  "outputs": {},
  "resources": [
    {
      "mode": "managed",
      "type": "google_container_cluster",
      "name": "cluster",
      "provider": "provider[\"registry.terraform.io/hashicorp/google\"]",
      "instances": [
        {
          "schema_version": 1,
          "attributes": {
            "addons_config": [
              {
                "cloudrun_config": [],
                "horizontal_pod_autoscaling": [
                  {
                    "disabled": false
                  }
                ],
                "http_load_balancing": [
                  {
                    "disabled": false
                  }
                ],
                "network_policy_config": [
                  {
                    "disabled": true
                  }
                ]
              }
            ],
            "authenticator_groups_config": [],
            "cluster_autoscaling": [
              {
                "auto_provisioning_defaults": [],
                "enabled": false,
                "resource_limits": []
              }
            ],
            "cluster_ipv4_cidr": "10.40.0.0/14",
            "confidential_nodes": [],
            "database_encryption": [
              {
                "key_name": "",
                "state": "DECRYPTED"
              }
            ],
            "datapath_provider": "",
            "default_max_pods_per_node": 110,
            "default_snat_status": [
              {
                "disabled": false
              }
            ],
            "description": "",
            "enable_autopilot": false,
            "enable_binary_authorization": false,
            "enable_intranode_visibility": false,
            "enable_kubernetes_alpha": false,
            "enable_legacy_abac": false,
            "enable_shielded_nodes": true,
            "enable_tpu": false,
            "endpoint": "104.154.129.137",
            "id": "projects/api-exercise-236915/locations/us-central1/clusters/api-cluster-1",
            "initial_node_count": 1,
            "ip_allocation_policy": [
              {
                "cluster_ipv4_cidr_block": "10.40.0.0/14",
                "cluster_secondary_range_name": "gke-api-cluster-1-pods-d7c552db",
                "services_ipv4_cidr_block": "10.44.0.0/20",
                "services_secondary_range_name": "gke-api-cluster-1-services-d7c552db"
              }
            ],
            "label_fingerprint": "a9dc16a7",
            "location": "us-central1",
            "logging_config": [
              {
                "enable_components": [
                  "SYSTEM_COMPONENTS",
                  "WORKLOADS"
                ]
              }
            ],
            "logging_service": "logging.googleapis.com/kubernetes",
            "maintenance_policy": [],
            "master_auth": [
              {
                "client_certificate": "",
                "client_certificate_config": [
                  {
                    "issue_client_certificate": false
                  }
                ],
                "client_key": "",
                "cluster_ca_certificate": "LS0tLS1CRUdJTiBDRVJUSUZJQ0FURS0tLS0tCk1JSUVMRENDQXBTZ0F3SUJBZ0lRWUI3MkJKaXNHQUhLbVBtSFBQQUVNekFOQmdrcWhraUc5dzBCQVFzRkFEQXYKTVMwd0t3WURWUVFERXlReE9HSTFORE01WWkwell6VXhMVFF6WXpRdE9HUXdZUzFoTm1FeVpURXpOVFk1T1RFdwpJQmNOTWpFeE1URTRNVEkwTXpBNVdoZ1BNakExTVRFeE1URXhNelF6TURsYU1DOHhMVEFyQmdOVkJBTVRKREU0CllqVTBNemxpTFROak5URXRORE5qTkMwNFpEQmhMV0UyWVRKbE1UTTFOams1TVRDQ0FhSXdEUVlKS29aSWh2Y04KQVFFQkJRQURnZ0dQQURDQ0FZb0NnZ0dCQUlneTBmNEZ2eGlhY1hITHhOQS8rdS9FaDdVN3V5MHJzdjhFdjBWSApYckorVDlRbm9PeW9RTTdydUgzSm41RzRaM3FEWTNlUE1DeWV1SlF4cXg4NC9FdXhka0twRjUxNk8ySTBwQWJuCnM0Zlh4ZUtwQTV6b0NQU0hYRm5ndVN3bjg2a2lyai9ZeTk3QTQ5azdETHBQT0hZMVJYQ1c4MlRLNGJ4K1dVVVMKMmhKdmp4VmllUkVkVEg1NmJqaW9UbTJ4dnVTUURDMld6a2h4Z1IvK2NnZngrUWhTQTlZcnNBZjZiNW5tME1kQgpRMnNVT1hZMU1EcyttbTN4T2g2L1JzWFZRRzZ0QlJ5Vm9VTzl1QVVDSTFCN2V5UVBGYjQ0OGJQcFk5Sm16WXlQCkl2M1UvWUJLbFBRL1JFOWFzRlB6VHlrNVZ4dUd1aFJVQmQxRHNFUlFJUHFxNG8xSGpWWFIrUmJWRzhDRUw0djIKWmU4LzcwT1g5Q251NmZua2hNaFB2U1RVOGZrYzQ0dVpWQit0SzF0ME9Dcmp4dVNGWlk1bXlMSXltdk5rNFpmagpmL1ArbUF1QlRHU3dQcCtDZGVYaXhzUStFcUh4MFJFM2oxK2FLMnFSZzVWUUFob1VTaHVYNlRFTk1wTGZ1RzV2ClhsWXZTb2FndUY2OFRKdjRBT1dKcUYvdUR3SURBUUFCbzBJd1FEQU9CZ05WSFE4QkFmOEVCQU1DQWdRd0R3WUQKVlIwVEFRSC9CQVV3QXdFQi96QWRCZ05WSFE0RUZnUVVid3dqbWJyMXFuUGNlclZTeHlFTzRSeUpqaDh3RFFZSgpLb1pJaHZjTkFRRUxCUUFEZ2dHQkFCYURXVWdneEVwNkZGdmNmb0tuSFZQN0hZTEt0S3B0Q2lHcTF6NmJjUmZMCkNyMDFRaFRVUjZBaUZsdUpsUklIMWhXU1p2aVlERE5yZ3NmUWRXdzNXSEgrVnNBVklqdVpScVlkYXRoMVc1ckQKNENOcXVvazhVanNjd082clBLTkVxTjlnUjgzTGpVeit5Y3FUa1VjQ1ZPTXZNU281cXd3S05mbkc2dW9LQU5LVQpCdkxkaWVzZ1pqYjZ0OVpqTnY1NmtaVm5qRy9xUytjUWRDUUVTc2gxeVdJUytaL0N2R0pORWNFWXFNRHIvV0ErCmJYY1A3Si95eC94OTZxMUs0bVpaK2NPZlN6TnBwNDk5WWpCaUVrTWsydUZwWUJSYmY5d0dUZktWSUoxaHU4amMKZjY4TEpvamJyTEJhbDY0SkdwNmJiVFQxd1pnR1YyL1VUbzIzcHFCZmZzZGorRyttVmNXRTRtcDRaUDhzV2hGagpqNTZPOVltaFhKeE9udTBva1h2UWVWT0FxeGNUbXF1Wit3d3h5Vm05ZUdMMGFuU3JsN3hSY0NLL2ptNDNpMVVOCnIvK2VKd2pUMHVEWGtjZEw2eTI2WmlzVXI2aktQQ1FvNGh3RnBod3cydEFHcXpkdjUycUw5c3lUbWU0S041c0YKemVFTzUyMjJ0Y3lyZlFCcVZoUCt6dz09Ci0tLS0tRU5EIENFUlRJRklDQVRFLS0tLS0K"
              }
            ],
            "master_authorized_networks_config": [],
            "master_version": "1.21.5-gke.1302",
            "min_master_version": "1.21.5-gke.1302",
            "monitoring_config": [
              {
                "enable_components": [
                  "SYSTEM_COMPONENTS"
                ]
              }
            ],
            "monitoring_service": "monitoring.googleapis.com/kubernetes",
            "name": "api-cluster-1",
            "network": "projects/api-exercise-236915/global/networks/default",
            "network_policy": [
              {
                "enabled": false,
                "provider": "PROVIDER_UNSPECIFIED"
              }
            ],
            "networking_mode": "VPC_NATIVE",
            "node_config": [],
            "node_locations": [
              "us-central1-a",
              "us-central1-c",
              "us-central1-f"
            ],
            "node_pool": [],
            "node_version": "1.21.5-gke.1302",
            "operation": null,
            "private_cluster_config": [],
            "private_ipv6_google_access": "",
            "project": "api-exercise-236915",
            "release_channel": [
              {
                "channel": "UNSPECIFIED"
              }
            ],
            "remove_default_node_pool": true,
            "resource_labels": null,
            "resource_usage_export_config": [],
            "self_link": "https://container.googleapis.com/v1/projects/api-exercise-236915/locations/us-central1/clusters/api-cluster-1",
            "services_ipv4_cidr": "10.44.0.0/20",
            "subnetwork": "projects/api-exercise-236915/regions/us-central1/subnetworks/default",
            "timeouts": null,
            "tpu_ipv4_cidr_block": "",
            "vertical_pod_autoscaling": [],
            "workload_identity_config": []
          },
          "sensitive_attributes": [],
          "private": "eyJlMmJmYjczMC1lY2FhLTExZTYtOGY4OC0zNDM2M2JjN2M0YzAiOnsiY3JlYXRlIjoyNDAwMDAwMDAwMDAwLCJkZWxldGUiOjI0MDAwMDAwMDAwMDAsInJlYWQiOjI0MDAwMDAwMDAwMDAsInVwZGF0ZSI6MzYwMDAwMDAwMDAwMH0sInNjaGVtYV92ZXJzaW9uIjoiMSJ9"
        }
      ]
    },
    {
      "mode": "managed",
      "type": "google_container_node_pool",
      "name": "preemptible_nodes",
      "provider": "provider[\"registry.terraform.io/hashicorp/google\"]",
      "instances": [
        {
          "status": "tainted",
          "schema_version": 1,
          "attributes": {
            "autoscaling": [
              {
                "max_node_count": 30,
                "min_node_count": 1
              }
            ],
            "cluster": "api-cluster-1",
            "id": "projects/api-exercise-236915/locations/us-central1/clusters/api-cluster-1/nodePools/preemptible-nodes",
            "initial_node_count": 1,
            "instance_group_urls": null,
            "location": "us-central1",
            "managed_instance_group_urls": null,
            "management": [
              {
                "auto_repair": true,
                "auto_upgrade": true
              }
            ],
            "max_pods_per_node": null,
            "name": "preemptible-nodes",
            "name_prefix": null,
            "node_config": [
              {
                "disk_size_gb": 30,
                "disk_type": "pd-standard",
                "gcfs_config": [],
                "guest_accelerator": [],
                "image_type": "Ubuntu",
                "labels": {},
                "local_ssd_count": 0,
                "machine_type": "e2-medium-2",
                "metadata": {},
                "min_cpu_platform": "",
                "oauth_scopes": [
                  "https://www.googleapis.com/auth/compute",
                  "https://www.googleapis.com/auth/devstorage.read_only",
                  "https://www.googleapis.com/auth/logging.write",
                  "https://www.googleapis.com/auth/monitoring",
                  "https://www.googleapis.com/auth/service.management.readonly",
                  "https://www.googleapis.com/auth/servicecontrol",
                  "https://www.googleapis.com/auth/trace.append"
                ],
                "preemptible": true,
                "service_account": "",
                "shielded_instance_config": [],
                "tags": null,
                "taint": [],
                "workload_metadata_config": []
              }
            ],
            "node_count": null,
            "node_locations": [],
            "operation": null,
            "project": null,
            "timeouts": null,
            "upgrade_settings": null,
            "version": null
          },
          "sensitive_attributes": [],
          "private": "eyJlMmJmYjczMC1lY2FhLTExZTYtOGY4OC0zNDM2M2JjN2M0YzAiOnsiY3JlYXRlIjoxODAwMDAwMDAwMDAwLCJkZWxldGUiOjE4MDAwMDAwMDAwMDAsInVwZGF0ZSI6MTgwMDAwMDAwMDAwMH0sInNjaGVtYV92ZXJzaW9uIjoiMSJ9",
          "dependencies": [
            "google_container_cluster.cluster"
          ]
        }
      ]
    }
  ]
}
